
Microsoft Visual Studio Solution File, Format Version 12.00
# Visual Studio Version 16
VisualStudioVersion = 16.0.29215.179
MinimumVisualStudioVersion = 10.0.40219.1
Project("{FAE04EC0-301F-11D3-BF4B-00C04F79EFBC}") = "tc.Base64", "tc.Base64\tc.Base64.csproj", "{5D108A50-3999-4C9D-979F-B3FFFB8A22A7}"
EndProject
Project("{FAE04EC0-301F-11D3-BF4B-00C04F79EFBC}") = "Base64.Tests", "Base64.Tests\Base64.Tests.csproj", "{F66493B6-1A79-46CB-A4DC-90822EA6CF77}"
EndProject
Project("{FAE04EC0-301F-11D3-BF4B-00C04F79EFBC}") = "tc.Base64.Console", "tc.Base64.Console\tc.Base64.Console.csproj", "{6883466A-899F-491F-BBB0-73BE28305B55}"
EndProject
Global
	GlobalSection(SolutionConfigurationPlatforms) = preSolution
		Debug|Any CPU = Debug|Any CPU
		Release|Any CPU = Release|Any CPU
	EndGlobalSection
	GlobalSection(ProjectConfigurationPlatforms) = postSolution
		{5D108A50-3999-4C9D-979F-B3FFFB8A22A7}.Debug|Any CPU.ActiveCfg = Debug|Any CPU
		{5D108A50-3999-4C9D-979F-B3FFFB8A22A7}.Debug|Any CPU.Build.0 = Debug|Any CPU
		{5D108A50-3999-4C9D-979F-B3FFFB8A22A7}.Release|Any CPU.ActiveCfg = Release|Any CPU
		{5D108A50-3999-4C9D-979F-B3FFFB8A22A7}.Release|Any CPU.Build.0 = Release|Any CPU
		{F66493B6-1A79-46CB-A4DC-90822EA6CF77}.Debug|Any CPU.ActiveCfg = Debug|Any CPU
		{F66493B6-1A79-46CB-A4DC-90822EA6CF77}.Debug|Any CPU.Build.0 = Debug|Any CPU
		{F66493B6-1A79-46CB-A4DC-90822EA6CF77}.Release|Any CPU.ActiveCfg = Release|Any CPU
		{F66493B6-1A79-46CB-A4DC-90822EA6CF77}.Release|Any CPU.Build.0 = Release|Any CPU
		{6883466A-899F-491F-BBB0-73BE28305B55}.Debug|Any CPU.ActiveCfg = Debug|Any CPU
		{6883466A-899F-491F-BBB0-73BE28305B55}.Debug|Any CPU.Build.0 = Debug|Any CPU
		{6883466A-899F-491F-BBB0-73BE28305B55}.Release|Any CPU.ActiveCfg = Release|Any CPU
		{6883466A-899F-491F-BBB0-73BE28305B55}.Release|Any CPU.Build.0 = Release|Any CPU
	EndGlobalSection
	GlobalSection(SolutionProperties) = preSolution
		HideSolutionNode = FALSE
	EndGlobalSection
	GlobalSection(ExtensibilityGlobals) = postSolution
		SolutionGuid = {FD253B8E-A3EE-4F13-870F-1E9BB2292DBA}
	EndGlobalSection
EndGlobal
