
Microsoft Visual Studio Solution File, Format Version 12.00
# Visual Studio Version 16
VisualStudioVersion = 16.0.29209.62
MinimumVisualStudioVersion = 10.0.40219.1
Project("{FAE04EC0-301F-11D3-BF4B-00C04F79EFBC}") = "AutofacSamples", "AutofacSamples\AutofacSamples.csproj", "{D61F32BC-073C-4878-AB30-C3F82DA65BED}"
EndProject
Global
	GlobalSection(SolutionConfigurationPlatforms) = preSolution
		Debug|Any CPU = Debug|Any CPU
		Release|Any CPU = Release|Any CPU
	EndGlobalSection
	GlobalSection(ProjectConfigurationPlatforms) = postSolution
		{D61F32BC-073C-4878-AB30-C3F82DA65BED}.Debug|Any CPU.ActiveCfg = Debug|Any CPU
		{D61F32BC-073C-4878-AB30-C3F82DA65BED}.Debug|Any CPU.Build.0 = Debug|Any CPU
		{D61F32BC-073C-4878-AB30-C3F82DA65BED}.Release|Any CPU.ActiveCfg = Release|Any CPU
		{D61F32BC-073C-4878-AB30-C3F82DA65BED}.Release|Any CPU.Build.0 = Release|Any CPU
	EndGlobalSection
	GlobalSection(SolutionProperties) = preSolution
		HideSolutionNode = FALSE
	EndGlobalSection
	GlobalSection(ExtensibilityGlobals) = postSolution
		SolutionGuid = {A4FECB37-2E21-4C8D-B589-6ED275779F5E}
	EndGlobalSection
EndGlobal
